
Microsoft Visual Studio Solution File, Format Version 12.00
# Visual Studio Version 17
VisualStudioVersion = 17.0.31903.59
MinimumVisualStudioVersion = 10.0.40219.1
Project("{FAE04EC0-301F-11D3-BF4B-00C04F79EFBC}") = "HospitalMvcWebApiWithLinq", "HospitalMvcWebApiWithLinq\HospitalMvcWebApiWithLinq.csproj", "{EB414B53-A6FF-4ED5-99CF-0AFB11340AE3}"
EndProject
Global
	GlobalSection(SolutionConfigurationPlatforms) = preSolution
		Debug|Any CPU = Debug|Any CPU
		Release|Any CPU = Release|Any CPU
	EndGlobalSection
	GlobalSection(ProjectConfigurationPlatforms) = postSolution
		{EB414B53-A6FF-4ED5-99CF-0AFB11340AE3}.Debug|Any CPU.ActiveCfg = Debug|Any CPU
		{EB414B53-A6FF-4ED5-99CF-0AFB11340AE3}.Debug|Any CPU.Build.0 = Debug|Any CPU
		{EB414B53-A6FF-4ED5-99CF-0AFB11340AE3}.Release|Any CPU.ActiveCfg = Release|Any CPU
		{EB414B53-A6FF-4ED5-99CF-0AFB11340AE3}.Release|Any CPU.Build.0 = Release|Any CPU
	EndGlobalSection
	GlobalSection(SolutionProperties) = preSolution
		HideSolutionNode = FALSE
	EndGlobalSection
	GlobalSection(ExtensibilityGlobals) = postSolution
		SolutionGuid = {0FF40EB9-8381-45BB-8762-CE9A569EDC6E}
	EndGlobalSection
EndGlobal
